
Microsoft Visual Studio Solution File, Format Version 12.00
# Visual Studio Version 16
VisualStudioVersion = 16.0.29905.134
MinimumVisualStudioVersion = 10.0.40219.1
Project("{FAE04EC0-301F-11D3-BF4B-00C04F79EFBC}") = "Practica RPG 1", "Practica RPG 1\Practica RPG 1.csproj", "{32510BC7-D34A-49AC-8EA1-4046B94A379D}"
EndProject
Global
	GlobalSection(SolutionConfigurationPlatforms) = preSolution
		Debug|Any CPU = Debug|Any CPU
		Release|Any CPU = Release|Any CPU
	EndGlobalSection
	GlobalSection(ProjectConfigurationPlatforms) = postSolution
		{32510BC7-D34A-49AC-8EA1-4046B94A379D}.Debug|Any CPU.ActiveCfg = Debug|Any CPU
		{32510BC7-D34A-49AC-8EA1-4046B94A379D}.Debug|Any CPU.Build.0 = Debug|Any CPU
		{32510BC7-D34A-49AC-8EA1-4046B94A379D}.Release|Any CPU.ActiveCfg = Release|Any CPU
		{32510BC7-D34A-49AC-8EA1-4046B94A379D}.Release|Any CPU.Build.0 = Release|Any CPU
	EndGlobalSection
	GlobalSection(SolutionProperties) = preSolution
		HideSolutionNode = FALSE
	EndGlobalSection
	GlobalSection(ExtensibilityGlobals) = postSolution
		SolutionGuid = {357269A8-9495-421B-AB85-675537E4E259}
	EndGlobalSection
EndGlobal
